{
  "nodes": {
    "nixpkgs": {
      "locked": {
        "lastModified": 1752747119,
        "narHash": "sha256-2Kp9St3Pbsmu+xMsobLcgzzUxPvZR7alVJWyuk2BAPc=",
        "owner": "NixOs",
        "repo": "nixpkgs",
        "rev": "fa0ef8a6bb1651aa26c939aeb51b5f499e86b0ec",
        "type": "github"
      },
      "original": {
        "owner": "NixOs",
        "repo": "nixpkgs",
        "type": "github"
      }
    },
    "org-notebook": {
      "flake": false,
      "locked": {
        "lastModified": 1752773278,
        "narHash": "sha256-4mUW78eium91DwcsK5+5ith65Vvj6VrI2HgFaRPyX9E=",
        "ref": "refs/heads/master",
        "rev": "6a8230af459c4695be8de6eb367324399db5ea1a",
        "revCount": 19661,
        "type": "git",
        "url": "ssh://git@gitlab.com/itihas/org-notebook.git"
      },
      "original": {
        "type": "git",
        "url": "ssh://git@gitlab.com/itihas/org-notebook.git"
      }
    },
    "root": {
      "inputs": {
        "nixpkgs": "nixpkgs",
        "org-notebook": "org-notebook"
      }
    }
  },
  "root": "root",
  "version": 7
}
